hash: 37dc6f9592a88cd02f96c323d47cf6fbc330e7014aceaa1bbf6a5178a5558a5e
updated: 2016-01-05T16:39:34.948924253-08:00
imports:
- name: code.google.com/p/go-uuid
  version: 35bc42037350
  subpackages:
  - /uuid
- name: github.com/armon/consul-api
  version: dcfedd50ed5334f96adee43fc88518a4f095e15c
  repo: https://github.com/armon/consul-api
- name: github.com/Azure/azure-sdk-for-go
  version: 01f39a2ee8de1e51edeeb4975d406c3901723f86
  subpackages:
  - /arm/resources
- name: github.com/Azure/go-autorest
  version: 1f936b9ddc048ff77c5723a3837a9667120d30c5
  subpackages:
  - autorest
- name: github.com/BurntSushi/toml
  version: 5c4df71dfe9ac89ef6287afc05e4c1b16ae65a1e
  repo: https://github.com/BurntSushi/toml
- name: github.com/coreos/go-etcd
  version: 003851be7bb0694fe3cc457a49529a19388ee7cf
  repo: https://github.com/coreos/go-etcd
- name: github.com/cpuguy83/go-md2man
  version: 2724a9c9051aa62e9cca11304e7dd518e9e41599
  repo: https://github.com/cpuguy83/go-md2man
- name: github.com/dgrijalva/jwt-go
  version: f164e17f59b82642a3895ba065c385db6c547344
- name: github.com/hashicorp/hcl
  version: 197e8d3cf42199cfd53cd775deb37f3637234635
  repo: https://github.com/hashicorp/hcl
- name: github.com/kr/pretty
  version: e6ac2fc51e89a3249e82157fa0bb7a18ef9dd5bb
  repo: https://github.com/kr/pretty
- name: github.com/kr/pty
  version: f7ee69f31298ecbe5d2b349c711e2547a617d398
  repo: https://github.com/kr/pty
- name: github.com/kr/text
  version: bb797dc4fb8320488f47bf11de07a733d7233e1f
  repo: https://github.com/kr/text
- name: github.com/magiconair/properties
  version: c81f9d71af8f8cba1466501d30326b99a4e56c19
  repo: https://github.com/magiconair/properties
- name: github.com/mitchellh/mapstructure
  version: 281073eb9eb092240d33ef253c404f1cca550309
  repo: https://github.com/mitchellh/mapstructure
- name: github.com/russross/blackfriday
  version: c8875c0ed47e07b063c3628e2e4d4c9826721795
  repo: https://github.com/russross/blackfriday
- name: github.com/shurcooL/sanitized_anchor_name
  version: 10ef21a441db47d8b13ebcc5fd2310f636973c77
  repo: https://github.com/shurcooL/sanitized_anchor_name
- name: github.com/spf13/cast
  version: ee7b3e0353166ab1f3a605294ac8cd2b77953778
  repo: https://github.com/spf13/cast
- name: github.com/spf13/cobra
  version: c82a0ceef8620dd4dc29da70caa69f3f8dd343f3
- name: github.com/spf13/jwalterweatherman
  version: d00654080cddbd2b082acaa74007cb94a2b40866
  repo: https://github.com/spf13/jwalterweatherman
- name: github.com/spf13/pflag
  version: 7f60f83a2c81bc3c3c0d5297f61ddfa68da9d3b7
  repo: https://github.com/spf13/pflag
- name: github.com/spf13/viper
  version: 0c82789feb03da74b3390a5d64b8ce2ce9ba0f3e
  repo: https://github.com/spf13/viper
- name: github.com/ugorji/go
  version: 646ae4a518c1c3be0739df898118d9bccf993858
  repo: https://github.com/ugorji/go
- name: github.com/xordataexchange/crypt
  version: 749e360c8f236773f28fc6d3ddfce4a470795227
  repo: https://github.com/xordataexchange/crypt
- name: golang.org/x/crypto
  version: 147b0a0d44eaebb0e4b9c780d01b9af728575d49
  repo: https://github.com/colemickens/crypto
  vcs: git
  subpackages:
  - /pkcs12
- name: gopkg.in/check.v1
  version: 11d3bc7aa68e238947792f30573146a3231fc0f1
- name: gopkg.in/fsnotify.v1
  version: 508915b7500b6e42a87132e4afeb4729cebc7cbb
  repo: https://gopkg.in/fsnotify.v1
- name: gopkg.in/yaml.v2
  version: f7716cbe52baa25d2e9b0d0da546fcf909fc16b4
  repo: https://gopkg.in/yaml.v2
devImports: []
