hash: 845f9c2f6bb58528fe00a2c3151491980ecf7643060a48deffc1dc928bd7a6b0
updated: 2016-02-29T01:27:53.856410013-08:00
imports:
- name: github.com/Azure/azure-sdk-for-go
  version: 95361a2573b1fa92a00c5fc2707a80308483c6f9
  subpackages:
  - arm/resources/resources
  - arm/authorization
- name: github.com/Azure/go-autorest
  version: bebca455f60b24bf6a2459e9e862ff42da86f5e0
  repo: https://github.com/Azure/go-autorest
  vcs: git
  subpackages:
  - autorest
  - autorest/azure
- name: github.com/pborman/uuid
  version: c55201b036063326c5b1b89ccfe45a184973d073
- name: github.com/Sirupsen/logrus
  version: 219c8cb75c258c552e999735be6df753ffc7afdc
  repo: https://github.com/Sirupsen/logrus
  vcs: git
- name: github.com/spf13/cobra
  version: 65a708cee0a4424f4e353d031ce440643e312f92
- name: github.com/spf13/viper
  version: c975dc1b4eacf4ec7fdbf0873638de5d090ba323
- name: golang.org/x/crypto
  version: 5dc8cb4b8a8eb076cbb5a06bc3b8682c15bdbbd3
  repo: https://github.com/golang/crypto.git
  vcs: git
  subpackages:
  - pkcs12
  - ssh
- name: k8s.io/kubernetes
  version: a8af33dc07ee08defa2d503f81e7deea32dd1d3b
  subpackages:
  - pkg
devImports: []
